# THIS IS AN AUTOGENERATED FILE. DO NOT EDIT THIS FILE DIRECTLY.
# yarn lockfile v1


lottie-web@^5.8.1:
  version "5.8.1"
  resolved "https://registry.yarnpkg.com/lottie-web/-/lottie-web-5.8.1.tgz#807e0af0ad22b59bf867d964eb684cb3368da0ef"
  integrity sha512-9gIizWADlaHC2GCt+D+yNpk5l2clZQFqnVWWIVdY0LnxC/uLa39dYltAe3fcmC/hrZ2IUQ8dLlY0O934Npjs7Q==
